// !$*UTF8*$!
{
	archiveVersion = 1;
	classes = {
	};
	objectVersion = 63;
	objects = {

/* Begin PBXBuildFile section */
		1A00000000000000000000A1 /* DiscoveredHost.swift in Sources */ = {isa = PBXBuildFile; fileRef = 1A00000000000000000000B1 /* DiscoveredHost.swift */; };
		1A00000000000000000000A2 /* DeviceDiscovery.swift in Sources */ = {isa = PBXBuildFile; fileRef = 1A00000000000000000000B2 /* DeviceDiscovery.swift */; };
		1A00000000000000000000A3 /* TrustedHostStore.swift in Sources */ = {isa = PBXBuildFile; fileRef = 1A00000000000000000000B3 /* TrustedHostStore.swift */; };
		2A00000000000000000000A1 /* Localizable.xcstrings in Resources */ = {isa = PBXBuildFile; fileRef = 2A00000000000000000000B1 /* Localizable.xcstrings */; };
		D100000000000000000000D1 /* RegiApp.swift in Sources */ = {isa = PBXBuildFile; fileRef = C100000000000000000000C1 /* RegiApp.swift */; };
		D200000000000000000000D2 /* WebRTC in Frameworks */ = {isa = PBXBuildFile; productRef = E200000000000000000000E2 /* WebRTC */; };
		D300000000000000000000D3 /* JetKVMProtocol in Frameworks */ = {isa = PBXBuildFile; productRef = E400000000000000000000E4 /* JetKVMProtocol */; };
		D370A16B2FB3CE940040AE62 /* Assets.xcassets in Resources */ = {isa = PBXBuildFile; fileRef = D370A16A2FB3CE940040AE62 /* Assets.xcassets */; };
		D400000000000000000000D4 /* JetKVMTransport in Frameworks */ = {isa = PBXBuildFile; productRef = E600000000000000000000E6 /* JetKVMTransport */; };
		D600000000000000000000D6 /* KVMWindowView.swift in Sources */ = {isa = PBXBuildFile; fileRef = C500000000000000000000C5 /* KVMWindowView.swift */; };
		D700000000000000000000D7 /* KVMVideoView.swift in Sources */ = {isa = PBXBuildFile; fileRef = C600000000000000000000C6 /* KVMVideoView.swift */; };
		D800000000000000000000D8 /* KeyboardCapturer.swift in Sources */ = {isa = PBXBuildFile; fileRef = C700000000000000000000C7 /* KeyboardCapturer.swift */; };
		D900000000000000000000D9 /* ControlPanel.swift in Sources */ = {isa = PBXBuildFile; fileRef = C800000000000000000000C8 /* ControlPanel.swift */; };
		DA00000000000000000000DA /* StatsPanel.swift in Sources */ = {isa = PBXBuildFile; fileRef = C900000000000000000000C9 /* StatsPanel.swift */; };
		DB00000000000000000000DB /* PointerLockManager.swift in Sources */ = {isa = PBXBuildFile; fileRef = CA00000000000000000000CA /* PointerLockManager.swift */; };
		DC00000000000000000000DC /* PasswordVault.swift in Sources */ = {isa = PBXBuildFile; fileRef = CB00000000000000000000CB /* PasswordVault.swift */; };
		DD00000000000000000000DD /* HostKeyDetector.swift in Sources */ = {isa = PBXBuildFile; fileRef = CC00000000000000000000CC /* HostKeyDetector.swift */; };
		FA00000000000000000000FA /* SavedHost.swift in Sources */ = {isa = PBXBuildFile; fileRef = F100000000000000000000F1 /* SavedHost.swift */; };
		FB00000000000000000000FB /* HostStore.swift in Sources */ = {isa = PBXBuildFile; fileRef = F200000000000000000000F2 /* HostStore.swift */; };
		FC00000000000000000000FC /* HostsView.swift in Sources */ = {isa = PBXBuildFile; fileRef = F300000000000000000000F3 /* HostsView.swift */; };
		FD00000000000000000000FD /* HostFormSheet.swift in Sources */ = {isa = PBXBuildFile; fileRef = F400000000000000000000F4 /* HostFormSheet.swift */; };
		FE00000000000000000000FE /* ConnectionStatusView.swift in Sources */ = {isa = PBXBuildFile; fileRef = F500000000000000000000F5 /* ConnectionStatusView.swift */; };
		FF00000000000000000000FF /* KVMSessionWindow.swift in Sources */ = {isa = PBXBuildFile; fileRef = F600000000000000000000F6 /* KVMSessionWindow.swift */; };
		DE00000000000000000000DE /* ClipboardSyncManager.swift in Sources */ = {isa = PBXBuildFile; fileRef = CD00000000000000000000CD /* ClipboardSyncManager.swift */; };
		DF00000000000000000000DF /* NSPasteboardClipboardSource.swift in Sources */ = {isa = PBXBuildFile; fileRef = CE00000000000000000000CE /* NSPasteboardClipboardSource.swift */; };
		DEAD00000000000000000011 /* MCPKeyInput.swift in Sources */ = {isa = PBXBuildFile; fileRef = DEAD00000000000000000001 /* MCPKeyInput.swift */; };
		DEAD00000000000000000012 /* MCPFrameCapture.swift in Sources */ = {isa = PBXBuildFile; fileRef = DEAD00000000000000000002 /* MCPFrameCapture.swift */; };
		DEAD00000000000000000013 /* MCPToolHandler.swift in Sources */ = {isa = PBXBuildFile; fileRef = DEAD00000000000000000003 /* MCPToolHandler.swift */; };
		DEAD00000000000000000014 /* MCPSSESession.swift in Sources */ = {isa = PBXBuildFile; fileRef = DEAD00000000000000000004 /* MCPSSESession.swift */; };
		DEAD00000000000000000015 /* MCPHTTPServer.swift in Sources */ = {isa = PBXBuildFile; fileRef = DEAD00000000000000000005 /* MCPHTTPServer.swift */; };
		DEAD00000000000000000016 /* MCPServerManager.swift in Sources */ = {isa = PBXBuildFile; fileRef = DEAD00000000000000000006 /* MCPServerManager.swift */; };
		DEAD00000000000000000017 /* SessionRegistry.swift in Sources */ = {isa = PBXBuildFile; fileRef = DEAD00000000000000000007 /* SessionRegistry.swift */; };
/* End PBXBuildFile section */

/* Begin PBXFileReference section */
		1A00000000000000000000B1 /* DiscoveredHost.swift */ = {isa = PBXFileReference; lastKnownFileType = sourcecode.swift; path = DiscoveredHost.swift; sourceTree = "<group>"; };
		1A00000000000000000000B2 /* DeviceDiscovery.swift */ = {isa = PBXFileReference; lastKnownFileType = sourcecode.swift; path = DeviceDiscovery.swift; sourceTree = "<group>"; };
		1A00000000000000000000B3 /* TrustedHostStore.swift */ = {isa = PBXFileReference; lastKnownFileType = sourcecode.swift; path = TrustedHostStore.swift; sourceTree = "<group>"; };
		2A00000000000000000000B1 /* Localizable.xcstrings */ = {isa = PBXFileReference; lastKnownFileType = text.json.xcstrings; path = Localizable.xcstrings; sourceTree = "<group>"; };
		C100000000000000000000C1 /* RegiApp.swift */ = {isa = PBXFileReference; lastKnownFileType = sourcecode.swift; path = RegiApp.swift; sourceTree = "<group>"; };
		C200000000000000000000C2 /* Info.plist */ = {isa = PBXFileReference; lastKnownFileType = text.plist.xml; path = Info.plist; sourceTree = "<group>"; };
		C300000000000000000000C3 /* Regi.app */ = {isa = PBXFileReference; explicitFileType = wrapper.application; includeInIndex = 0; path = Regi.app; sourceTree = BUILT_PRODUCTS_DIR; };
		C500000000000000000000C5 /* KVMWindowView.swift */ = {isa = PBXFileReference; lastKnownFileType = sourcecode.swift; path = KVMWindowView.swift; sourceTree = "<group>"; };
		C600000000000000000000C6 /* KVMVideoView.swift */ = {isa = PBXFileReference; lastKnownFileType = sourcecode.swift; path = KVMVideoView.swift; sourceTree = "<group>"; };
		C700000000000000000000C7 /* KeyboardCapturer.swift */ = {isa = PBXFileReference; lastKnownFileType = sourcecode.swift; path = KeyboardCapturer.swift; sourceTree = "<group>"; };
		C800000000000000000000C8 /* ControlPanel.swift */ = {isa = PBXFileReference; lastKnownFileType = sourcecode.swift; path = ControlPanel.swift; sourceTree = "<group>"; };
		C900000000000000000000C9 /* StatsPanel.swift */ = {isa = PBXFileReference; lastKnownFileType = sourcecode.swift; path = StatsPanel.swift; sourceTree = "<group>"; };
		CA00000000000000000000CA /* PointerLockManager.swift */ = {isa = PBXFileReference; lastKnownFileType = sourcecode.swift; path = PointerLockManager.swift; sourceTree = "<group>"; };
		CB00000000000000000000CB /* PasswordVault.swift */ = {isa = PBXFileReference; lastKnownFileType = sourcecode.swift; path = PasswordVault.swift; sourceTree = "<group>"; };
		CC00000000000000000000CC /* HostKeyDetector.swift */ = {isa = PBXFileReference; lastKnownFileType = sourcecode.swift; path = HostKeyDetector.swift; sourceTree = "<group>"; };
		D370A16A2FB3CE940040AE62 /* Assets.xcassets */ = {isa = PBXFileReference; lastKnownFileType = folder.assetcatalog; path = Assets.xcassets; sourceTree = "<group>"; };
		F100000000000000000000F1 /* SavedHost.swift */ = {isa = PBXFileReference; lastKnownFileType = sourcecode.swift; path = SavedHost.swift; sourceTree = "<group>"; };
		F200000000000000000000F2 /* HostStore.swift */ = {isa = PBXFileReference; lastKnownFileType = sourcecode.swift; path = HostStore.swift; sourceTree = "<group>"; };
		F300000000000000000000F3 /* HostsView.swift */ = {isa = PBXFileReference; lastKnownFileType = sourcecode.swift; path = HostsView.swift; sourceTree = "<group>"; };
		F400000000000000000000F4 /* HostFormSheet.swift */ = {isa = PBXFileReference; lastKnownFileType = sourcecode.swift; path = HostFormSheet.swift; sourceTree = "<group>"; };
		F500000000000000000000F5 /* ConnectionStatusView.swift */ = {isa = PBXFileReference; lastKnownFileType = sourcecode.swift; path = ConnectionStatusView.swift; sourceTree = "<group>"; };
		F600000000000000000000F6 /* KVMSessionWindow.swift */ = {isa = PBXFileReference; lastKnownFileType = sourcecode.swift; path = KVMSessionWindow.swift; sourceTree = "<group>"; };
		CD00000000000000000000CD /* ClipboardSyncManager.swift */ = {isa = PBXFileReference; lastKnownFileType = sourcecode.swift; path = ClipboardSyncManager.swift; sourceTree = "<group>"; };
		CE00000000000000000000CE /* NSPasteboardClipboardSource.swift */ = {isa = PBXFileReference; lastKnownFileType = sourcecode.swift; path = NSPasteboardClipboardSource.swift; sourceTree = "<group>"; };
		DEAD00000000000000000001 /* MCPKeyInput.swift */ = {isa = PBXFileReference; lastKnownFileType = sourcecode.swift; path = MCPKeyInput.swift; sourceTree = "<group>"; };
		DEAD00000000000000000002 /* MCPFrameCapture.swift */ = {isa = PBXFileReference; lastKnownFileType = sourcecode.swift; path = MCPFrameCapture.swift; sourceTree = "<group>"; };
		DEAD00000000000000000003 /* MCPToolHandler.swift */ = {isa = PBXFileReference; lastKnownFileType = sourcecode.swift; path = MCPToolHandler.swift; sourceTree = "<group>"; };
		DEAD00000000000000000004 /* MCPSSESession.swift */ = {isa = PBXFileReference; lastKnownFileType = sourcecode.swift; path = MCPSSESession.swift; sourceTree = "<group>"; };
		DEAD00000000000000000005 /* MCPHTTPServer.swift */ = {isa = PBXFileReference; lastKnownFileType = sourcecode.swift; path = MCPHTTPServer.swift; sourceTree = "<group>"; };
		DEAD00000000000000000006 /* MCPServerManager.swift */ = {isa = PBXFileReference; lastKnownFileType = sourcecode.swift; path = MCPServerManager.swift; sourceTree = "<group>"; };
		DEAD00000000000000000007 /* SessionRegistry.swift */ = {isa = PBXFileReference; lastKnownFileType = sourcecode.swift; path = SessionRegistry.swift; sourceTree = "<group>"; };
/* End PBXFileReference section */

/* Begin PBXFrameworksBuildPhase section */
		A800000000000000000000A8 /* Frameworks */ = {
			isa = PBXFrameworksBuildPhase;
			buildActionMask = 2147483647;
			files = (
				D200000000000000000000D2 /* WebRTC in Frameworks */,
				D300000000000000000000D3 /* JetKVMProtocol in Frameworks */,
				D400000000000000000000D4 /* JetKVMTransport in Frameworks */,
			);
			runOnlyForDeploymentPostprocessing = 0;
		};
/* End PBXFrameworksBuildPhase section */

/* Begin PBXGroup section */
		A200000000000000000000A2 = {
			isa = PBXGroup;
			children = (
				A300000000000000000000A3 /* App */,
				A400000000000000000000A4 /* Packages */,
				A500000000000000000000A5 /* Products */,
			);
			sourceTree = "<group>";
		};
		DEAD000000000000000000AC /* MCP */ = {
			isa = PBXGroup;
			children = (
				DEAD00000000000000000001 /* MCPKeyInput.swift */,
				DEAD00000000000000000002 /* MCPFrameCapture.swift */,
				DEAD00000000000000000003 /* MCPToolHandler.swift */,
				DEAD00000000000000000004 /* MCPSSESession.swift */,
				DEAD00000000000000000005 /* MCPHTTPServer.swift */,
				DEAD00000000000000000006 /* MCPServerManager.swift */,
				DEAD00000000000000000007 /* SessionRegistry.swift */,
			);
			path = MCP;
			sourceTree = "<group>";
		};
		A300000000000000000000A3 /* App */ = {
			isa = PBXGroup;
			children = (
				D370A16A2FB3CE940040AE62 /* Assets.xcassets */,
				C100000000000000000000C1 /* RegiApp.swift */,
				F300000000000000000000F3 /* HostsView.swift */,
				F400000000000000000000F4 /* HostFormSheet.swift */,
				F500000000000000000000F5 /* ConnectionStatusView.swift */,
				F600000000000000000000F6 /* KVMSessionWindow.swift */,
				F100000000000000000000F1 /* SavedHost.swift */,
				F200000000000000000000F2 /* HostStore.swift */,
				1A00000000000000000000B3 /* TrustedHostStore.swift */,
				1A00000000000000000000B1 /* DiscoveredHost.swift */,
				1A00000000000000000000B2 /* DeviceDiscovery.swift */,
				2A00000000000000000000B1 /* Localizable.xcstrings */,
				C500000000000000000000C5 /* KVMWindowView.swift */,
				C600000000000000000000C6 /* KVMVideoView.swift */,
				C700000000000000000000C7 /* KeyboardCapturer.swift */,
				CA00000000000000000000CA /* PointerLockManager.swift */,
				CB00000000000000000000CB /* PasswordVault.swift */,
				CC00000000000000000000CC /* HostKeyDetector.swift */,
				C800000000000000000000C8 /* ControlPanel.swift */,
				C900000000000000000000C9 /* StatsPanel.swift */,
				CD00000000000000000000CD /* ClipboardSyncManager.swift */,
				CE00000000000000000000CE /* NSPasteboardClipboardSource.swift */,
				DEAD000000000000000000AC /* MCP */,
				C200000000000000000000C2 /* Info.plist */,
			);
			path = App;
			sourceTree = "<group>";
		};
		A400000000000000000000A4 /* Packages */ = {
			isa = PBXGroup;
			children = (
			);
			path = Packages;
			sourceTree = "<group>";
		};
		A500000000000000000000A5 /* Products */ = {
			isa = PBXGroup;
			children = (
				C300000000000000000000C3 /* Regi.app */,
			);
			name = Products;
			sourceTree = "<group>";
		};
/* End PBXGroup section */

/* Begin PBXNativeTarget section */
		B100000000000000000000B1 /* Regi */ = {
			isa = PBXNativeTarget;
			buildConfigurationList = B200000000000000000000B2 /* Build configuration list for PBXNativeTarget "Regi" */;
			buildPhases = (
				A700000000000000000000A7 /* Sources */,
				A800000000000000000000A8 /* Frameworks */,
				A900000000000000000000A9 /* Resources */,
			);
			buildRules = (
			);
			dependencies = (
			);
			name = Regi;
			packageProductDependencies = (
				E200000000000000000000E2 /* WebRTC */,
				E400000000000000000000E4 /* JetKVMProtocol */,
				E600000000000000000000E6 /* JetKVMTransport */,
			);
			productName = Regi;
			productReference = C300000000000000000000C3 /* Regi.app */;
			productType = "com.apple.product-type.application";
		};
/* End PBXNativeTarget section */

/* Begin PBXProject section */
		A100000000000000000000A1 /* Project object */ = {
			isa = PBXProject;
			attributes = {
				BuildIndependentTargetsInParallel = 1;
				LastSwiftUpdateCheck = 2640;
				LastUpgradeCheck = 2650;
				TargetAttributes = {
					B100000000000000000000B1 = {
						CreatedOnToolsVersion = 26.4.1;
					};
				};
			};
			buildConfigurationList = B500000000000000000000B5 /* Build configuration list for PBXProject "Regi" */;
			compatibilityVersion = "Xcode 14.0";
			developmentRegion = en;
			hasScannedForEncodings = 0;
			knownRegions = (
				en,
				Base,
			);
			mainGroup = A200000000000000000000A2;
			minimizedProjectReferenceProxies = 1;
			packageReferences = (
				E100000000000000000000E1 /* XCRemoteSwiftPackageReference "WebRTC" */,
				E300000000000000000000E3 /* XCLocalSwiftPackageReference "Packages/JetKVMProtocol" */,
				E500000000000000000000E5 /* XCLocalSwiftPackageReference "Packages/JetKVMTransport" */,
			);
			productRefGroup = A500000000000000000000A5 /* Products */;
			projectDirPath = "";
			projectRoot = "";
			targets = (
				B100000000000000000000B1 /* Regi */,
			);
		};
/* End PBXProject section */

/* Begin PBXResourcesBuildPhase section */
		A900000000000000000000A9 /* Resources */ = {
			isa = PBXResourcesBuildPhase;
			buildActionMask = 2147483647;
			files = (
				D370A16B2FB3CE940040AE62 /* Assets.xcassets in Resources */,
				2A00000000000000000000A1 /* Localizable.xcstrings in Resources */,
			);
			runOnlyForDeploymentPostprocessing = 0;
		};
/* End PBXResourcesBuildPhase section */

/* Begin PBXSourcesBuildPhase section */
		A700000000000000000000A7 /* Sources */ = {
			isa = PBXSourcesBuildPhase;
			buildActionMask = 2147483647;
			files = (
				D100000000000000000000D1 /* RegiApp.swift in Sources */,
				FA00000000000000000000FA /* SavedHost.swift in Sources */,
				FB00000000000000000000FB /* HostStore.swift in Sources */,
				1A00000000000000000000A3 /* TrustedHostStore.swift in Sources */,
				FC00000000000000000000FC /* HostsView.swift in Sources */,
				FD00000000000000000000FD /* HostFormSheet.swift in Sources */,
				FE00000000000000000000FE /* ConnectionStatusView.swift in Sources */,
				FF00000000000000000000FF /* KVMSessionWindow.swift in Sources */,
				1A00000000000000000000A1 /* DiscoveredHost.swift in Sources */,
				1A00000000000000000000A2 /* DeviceDiscovery.swift in Sources */,
				D600000000000000000000D6 /* KVMWindowView.swift in Sources */,
				D700000000000000000000D7 /* KVMVideoView.swift in Sources */,
				D800000000000000000000D8 /* KeyboardCapturer.swift in Sources */,
				DB00000000000000000000DB /* PointerLockManager.swift in Sources */,
				DC00000000000000000000DC /* PasswordVault.swift in Sources */,
				DD00000000000000000000DD /* HostKeyDetector.swift in Sources */,
				D900000000000000000000D9 /* ControlPanel.swift in Sources */,
				DA00000000000000000000DA /* StatsPanel.swift in Sources */,
				DE00000000000000000000DE /* ClipboardSyncManager.swift in Sources */,
				DF00000000000000000000DF /* NSPasteboardClipboardSource.swift in Sources */,
				DEAD00000000000000000011 /* MCPKeyInput.swift in Sources */,
				DEAD00000000000000000012 /* MCPFrameCapture.swift in Sources */,
				DEAD00000000000000000013 /* MCPToolHandler.swift in Sources */,
				DEAD00000000000000000014 /* MCPSSESession.swift in Sources */,
				DEAD00000000000000000015 /* MCPHTTPServer.swift in Sources */,
				DEAD00000000000000000016 /* MCPServerManager.swift in Sources */,
				DEAD00000000000000000017 /* SessionRegistry.swift in Sources */,
			);
			runOnlyForDeploymentPostprocessing = 0;
		};
/* End PBXSourcesBuildPhase section */

/* Begin XCBuildConfiguration section */
		B300000000000000000000B3 /* Debug */ = {
			isa = XCBuildConfiguration;
			buildSettings = {
				ASSETCATALOG_COMPILER_APPICON_NAME = AppIcon;
				ASSETCATALOG_COMPILER_INCLUDE_ALL_APPICON_ASSETS = NO;
				CODE_SIGN_IDENTITY = "-";
				CODE_SIGN_STYLE = Automatic;
				CURRENT_PROJECT_VERSION = 1;
				DEAD_CODE_STRIPPING = YES;
				ENABLE_HARDENED_RUNTIME = YES;
				ENABLE_PREVIEWS = YES;
				GENERATE_INFOPLIST_FILE = NO;
				INFOPLIST_FILE = App/Info.plist;
				LD_RUNPATH_SEARCH_PATHS = (
					"$(inherited)",
					"@executable_path/../Frameworks",
				);
				MACOSX_DEPLOYMENT_TARGET = 14.0;
				MARKETING_VERSION = 0.1.0;
				PRODUCT_BUNDLE_IDENTIFIER = app.regi.mac;
				PRODUCT_NAME = "$(TARGET_NAME)";
				SDKROOT = macosx;
				SWIFT_EMIT_LOC_STRINGS = YES;
				SWIFT_VERSION = 5.0;
			};
			name = Debug;
		};
		B400000000000000000000B4 /* Release */ = {
			isa = XCBuildConfiguration;
			buildSettings = {
				ASSETCATALOG_COMPILER_APPICON_NAME = AppIcon;
				ASSETCATALOG_COMPILER_INCLUDE_ALL_APPICON_ASSETS = NO;
				CODE_SIGN_IDENTITY = "-";
				CODE_SIGN_STYLE = Automatic;
				CURRENT_PROJECT_VERSION = 1;
				DEAD_CODE_STRIPPING = YES;
				ENABLE_HARDENED_RUNTIME = YES;
				ENABLE_PREVIEWS = YES;
				GENERATE_INFOPLIST_FILE = NO;
				INFOPLIST_FILE = App/Info.plist;
				LD_RUNPATH_SEARCH_PATHS = (
					"$(inherited)",
					"@executable_path/../Frameworks",
				);
				MACOSX_DEPLOYMENT_TARGET = 14.0;
				MARKETING_VERSION = 0.1.0;
				PRODUCT_BUNDLE_IDENTIFIER = app.regi.mac;
				PRODUCT_NAME = "$(TARGET_NAME)";
				SDKROOT = macosx;
				SWIFT_EMIT_LOC_STRINGS = YES;
				SWIFT_VERSION = 5.0;
			};
			name = Release;
		};
		B600000000000000000000B6 /* Debug */ = {
			isa = XCBuildConfiguration;
			buildSettings = {
				ALWAYS_SEARCH_USER_PATHS = NO;
				ASSETCATALOG_COMPILER_GENERATE_SWIFT_ASSET_SYMBOL_EXTENSIONS = YES;
				CLANG_ANALYZER_NONNULL = YES;
				CLANG_ANALYZER_NUMBER_OBJECT_CONVERSION = YES_AGGRESSIVE;
				CLANG_ENABLE_MODULES = YES;
				CLANG_ENABLE_OBJC_ARC = YES;
				CLANG_ENABLE_OBJC_WEAK = YES;
				CLANG_WARN_BLOCK_CAPTURE_AUTORELEASING = YES;
				CLANG_WARN_BOOL_CONVERSION = YES;
				CLANG_WARN_COMMA = YES;
				CLANG_WARN_CONSTANT_CONVERSION = YES;
				CLANG_WARN_DEPRECATED_OBJC_IMPLEMENTATIONS = YES;
				CLANG_WARN_DIRECT_OBJC_ISA_USAGE = YES_ERROR;
				CLANG_WARN_DOCUMENTATION_COMMENTS = YES;
				CLANG_WARN_EMPTY_BODY = YES;
				CLANG_WARN_ENUM_CONVERSION = YES;
				CLANG_WARN_INFINITE_RECURSION = YES;
				CLANG_WARN_INT_CONVERSION = YES;
				CLANG_WARN_NON_LITERAL_NULL_CONVERSION = YES;
				CLANG_WARN_OBJC_IMPLICIT_RETAIN_SELF = YES;
				CLANG_WARN_OBJC_LITERAL_CONVERSION = YES;
				CLANG_WARN_OBJC_ROOT_CLASS = YES_ERROR;
				CLANG_WARN_QUOTED_INCLUDE_IN_FRAMEWORK_HEADER = YES;
				CLANG_WARN_RANGE_LOOP_ANALYSIS = YES;
				CLANG_WARN_STRICT_PROTOTYPES = YES;
				CLANG_WARN_SUSPICIOUS_MOVE = YES;
				CLANG_WARN_UNGUARDED_AVAILABILITY = YES_AGGRESSIVE;
				CLANG_WARN_UNREACHABLE_CODE = YES;
				CLANG_WARN__DUPLICATE_METHOD_MATCH = YES;
				COPY_PHASE_STRIP = NO;
				DEAD_CODE_STRIPPING = YES;
				DEBUG_INFORMATION_FORMAT = dwarf;
				DEVELOPMENT_TEAM = C45RUW4MTB;
				ENABLE_STRICT_OBJC_MSGSEND = YES;
				ENABLE_TESTABILITY = YES;
				ENABLE_USER_SCRIPT_SANDBOXING = YES;
				GCC_C_LANGUAGE_STANDARD = gnu17;
				GCC_DYNAMIC_NO_PIC = NO;
				GCC_NO_COMMON_BLOCKS = YES;
				GCC_OPTIMIZATION_LEVEL = 0;
				GCC_PREPROCESSOR_DEFINITIONS = (
					"DEBUG=1",
					"$(inherited)",
				);
				GCC_WARN_64_TO_32_BIT_CONVERSION = YES;
				GCC_WARN_ABOUT_RETURN_TYPE = YES_ERROR;
				GCC_WARN_UNDECLARED_SELECTOR = YES;
				GCC_WARN_UNINITIALIZED_AUTOS = YES_AGGRESSIVE;
				GCC_WARN_UNUSED_FUNCTION = YES;
				GCC_WARN_UNUSED_VARIABLE = YES;
				LOCALIZATION_PREFERS_STRING_CATALOGS = YES;
				MTL_ENABLE_DEBUG_INFO = INCLUDE_SOURCE;
				MTL_FAST_MATH = YES;
				ONLY_ACTIVE_ARCH = YES;
				STRING_CATALOG_GENERATE_SYMBOLS = YES;
				SWIFT_ACTIVE_COMPILATION_CONDITIONS = "DEBUG $(inherited)";
				SWIFT_OPTIMIZATION_LEVEL = "-Onone";
			};
			name = Debug;
		};
		B700000000000000000000B7 /* Release */ = {
			isa = XCBuildConfiguration;
			buildSettings = {
				ALWAYS_SEARCH_USER_PATHS = NO;
				ASSETCATALOG_COMPILER_GENERATE_SWIFT_ASSET_SYMBOL_EXTENSIONS = YES;
				CLANG_ANALYZER_NONNULL = YES;
				CLANG_ANALYZER_NUMBER_OBJECT_CONVERSION = YES_AGGRESSIVE;
				CLANG_ENABLE_MODULES = YES;
				CLANG_ENABLE_OBJC_ARC = YES;
				CLANG_ENABLE_OBJC_WEAK = YES;
				CLANG_WARN_BLOCK_CAPTURE_AUTORELEASING = YES;
				CLANG_WARN_BOOL_CONVERSION = YES;
				CLANG_WARN_COMMA = YES;
				CLANG_WARN_CONSTANT_CONVERSION = YES;
				CLANG_WARN_DEPRECATED_OBJC_IMPLEMENTATIONS = YES;
				CLANG_WARN_DIRECT_OBJC_ISA_USAGE = YES_ERROR;
				CLANG_WARN_DOCUMENTATION_COMMENTS = YES;
				CLANG_WARN_EMPTY_BODY = YES;
				CLANG_WARN_ENUM_CONVERSION = YES;
				CLANG_WARN_INFINITE_RECURSION = YES;
				CLANG_WARN_INT_CONVERSION = YES;
				CLANG_WARN_NON_LITERAL_NULL_CONVERSION = YES;
				CLANG_WARN_OBJC_IMPLICIT_RETAIN_SELF = YES;
				CLANG_WARN_OBJC_LITERAL_CONVERSION = YES;
				CLANG_WARN_OBJC_ROOT_CLASS = YES_ERROR;
				CLANG_WARN_QUOTED_INCLUDE_IN_FRAMEWORK_HEADER = YES;
				CLANG_WARN_RANGE_LOOP_ANALYSIS = YES;
				CLANG_WARN_STRICT_PROTOTYPES = YES;
				CLANG_WARN_SUSPICIOUS_MOVE = YES;
				CLANG_WARN_UNGUARDED_AVAILABILITY = YES_AGGRESSIVE;
				CLANG_WARN_UNREACHABLE_CODE = YES;
				CLANG_WARN__DUPLICATE_METHOD_MATCH = YES;
				COPY_PHASE_STRIP = NO;
				DEAD_CODE_STRIPPING = YES;
				DEBUG_INFORMATION_FORMAT = "dwarf-with-dsym";
				DEVELOPMENT_TEAM = C45RUW4MTB;
				ENABLE_NS_ASSERTIONS = NO;
				ENABLE_STRICT_OBJC_MSGSEND = YES;
				ENABLE_USER_SCRIPT_SANDBOXING = YES;
				GCC_C_LANGUAGE_STANDARD = gnu17;
				GCC_NO_COMMON_BLOCKS = YES;
				GCC_WARN_64_TO_32_BIT_CONVERSION = YES;
				GCC_WARN_ABOUT_RETURN_TYPE = YES_ERROR;
				GCC_WARN_UNDECLARED_SELECTOR = YES;
				GCC_WARN_UNINITIALIZED_AUTOS = YES_AGGRESSIVE;
				GCC_WARN_UNUSED_FUNCTION = YES;
				GCC_WARN_UNUSED_VARIABLE = YES;
				LOCALIZATION_PREFERS_STRING_CATALOGS = YES;
				MTL_ENABLE_DEBUG_INFO = NO;
				MTL_FAST_MATH = YES;
				STRING_CATALOG_GENERATE_SYMBOLS = YES;
				SWIFT_COMPILATION_MODE = wholemodule;
			};
			name = Release;
		};
/* End XCBuildConfiguration section */

/* Begin XCConfigurationList section */
		B200000000000000000000B2 /* Build configuration list for PBXNativeTarget "Regi" */ = {
			isa = XCConfigurationList;
			buildConfigurations = (
				B300000000000000000000B3 /* Debug */,
				B400000000000000000000B4 /* Release */,
			);
			defaultConfigurationIsVisible = 0;
			defaultConfigurationName = Release;
		};
		B500000000000000000000B5 /* Build configuration list for PBXProject "Regi" */ = {
			isa = XCConfigurationList;
			buildConfigurations = (
				B600000000000000000000B6 /* Debug */,
				B700000000000000000000B7 /* Release */,
			);
			defaultConfigurationIsVisible = 0;
			defaultConfigurationName = Release;
		};
/* End XCConfigurationList section */

/* Begin XCLocalSwiftPackageReference section */
		E300000000000000000000E3 /* XCLocalSwiftPackageReference "Packages/JetKVMProtocol" */ = {
			isa = XCLocalSwiftPackageReference;
			relativePath = Packages/JetKVMProtocol;
		};
		E500000000000000000000E5 /* XCLocalSwiftPackageReference "Packages/JetKVMTransport" */ = {
			isa = XCLocalSwiftPackageReference;
			relativePath = Packages/JetKVMTransport;
		};
/* End XCLocalSwiftPackageReference section */

/* Begin XCRemoteSwiftPackageReference section */
		E100000000000000000000E1 /* XCRemoteSwiftPackageReference "WebRTC" */ = {
			isa = XCRemoteSwiftPackageReference;
			repositoryURL = "https://github.com/AttilaTheFun/WebRTC.git";
			requirement = {
				kind = exactVersion;
				version = 148.0.0;
			};
		};
/* End XCRemoteSwiftPackageReference section */

/* Begin XCSwiftPackageProductDependency section */
		E200000000000000000000E2 /* WebRTC */ = {
			isa = XCSwiftPackageProductDependency;
			package = E100000000000000000000E1 /* XCRemoteSwiftPackageReference "WebRTC" */;
			productName = WebRTC;
		};
		E400000000000000000000E4 /* JetKVMProtocol */ = {
			isa = XCSwiftPackageProductDependency;
			productName = JetKVMProtocol;
		};
		E600000000000000000000E6 /* JetKVMTransport */ = {
			isa = XCSwiftPackageProductDependency;
			productName = JetKVMTransport;
		};
/* End XCSwiftPackageProductDependency section */
	};
	rootObject = A100000000000000000000A1 /* Project object */;
}
